
Microsoft Visual Studio Solution File, Format Version 12.00
# Visual Studio Version 16
VisualStudioVersion = 16.0.30503.244
MinimumVisualStudioVersion = 10.0.40219.1
Project("{FAE04EC0-301F-11D3-BF4B-00C04F79EFBC}") = "Cab_Invoice_Generator", "Cab_Invoice_Generator\Cab_Invoice_Generator.csproj", "{DA78031E-DDA2-4244-A17B-28D88C979484}"
EndProject
Project("{FAE04EC0-301F-11D3-BF4B-00C04F79EFBC}") = "Cab_Invoice_Generator_Test", "Cab_Invoice_Generator_Test\Cab_Invoice_Generator_Test.csproj", "{2FB2BFBF-C42D-435F-8A57-6877392C2961}"
EndProject
Global
	GlobalSection(SolutionConfigurationPlatforms) = preSolution
		Debug|Any CPU = Debug|Any CPU
		Release|Any CPU = Release|Any CPU
	EndGlobalSection
	GlobalSection(ProjectConfigurationPlatforms) = postSolution
		{DA78031E-DDA2-4244-A17B-28D88C979484}.Debug|Any CPU.ActiveCfg = Debug|Any CPU
		{DA78031E-DDA2-4244-A17B-28D88C979484}.Debug|Any CPU.Build.0 = Debug|Any CPU
		{DA78031E-DDA2-4244-A17B-28D88C979484}.Release|Any CPU.ActiveCfg = Release|Any CPU
		{DA78031E-DDA2-4244-A17B-28D88C979484}.Release|Any CPU.Build.0 = Release|Any CPU
		{2FB2BFBF-C42D-435F-8A57-6877392C2961}.Debug|Any CPU.ActiveCfg = Debug|Any CPU
		{2FB2BFBF-C42D-435F-8A57-6877392C2961}.Debug|Any CPU.Build.0 = Debug|Any CPU
		{2FB2BFBF-C42D-435F-8A57-6877392C2961}.Release|Any CPU.ActiveCfg = Release|Any CPU
		{2FB2BFBF-C42D-435F-8A57-6877392C2961}.Release|Any CPU.Build.0 = Release|Any CPU
	EndGlobalSection
	GlobalSection(SolutionProperties) = preSolution
		HideSolutionNode = FALSE
	EndGlobalSection
	GlobalSection(ExtensibilityGlobals) = postSolution
		SolutionGuid = {C31F3CB9-9EBD-4137-A93B-FB540B967002}
	EndGlobalSection
EndGlobal
